// !$*UTF8*$!
{
	archiveVersion = 1;
	classes = {
	};
	objectVersion = 56;
	objects = {

/* Begin PBXBuildFile section */
		4F169E262D9700CA00974489 /* QuizViewController.swift in Sources */ = {isa = PBXBuildFile; fileRef = 4F169E252D9700CA00974489 /* QuizViewController.swift */; };
		4F4498892D8DC9CA006FE8F0 /* AppDelegate.swift in Sources */ = {isa = PBXBuildFile; fileRef = 4F4498882D8DC9CA006FE8F0 /* AppDelegate.swift */; };
		4F44988B2D8DC9CA006FE8F0 /* SceneDelegate.swift in Sources */ = {isa = PBXBuildFile; fileRef = 4F44988A2D8DC9CA006FE8F0 /* SceneDelegate.swift */; };
		4F44988D2D8DC9CA006FE8F0 /* ViewController.swift in Sources */ = {isa = PBXBuildFile; fileRef = 4F44988C2D8DC9CA006FE8F0 /* ViewController.swift */; };
		4F4498902D8DC9CA006FE8F0 /* Base in Resources */ = {isa = PBXBuildFile; fileRef = 4F44988F2D8DC9CA006FE8F0 /* Base */; };
		4F4498922D8DC9CC006FE8F0 /* Assets.xcassets in Resources */ = {isa = PBXBuildFile; fileRef = 4F4498912D8DC9CC006FE8F0 /* Assets.xcassets */; };
		4F4498952D8DC9CC006FE8F0 /* Base in Resources */ = {isa = PBXBuildFile; fileRef = 4F4498942D8DC9CC006FE8F0 /* Base */; };
		4F4498A02D8DC9CD006FE8F0 /* MyQuizTests.swift in Sources */ = {isa = PBXBuildFile; fileRef = 4F44989F2D8DC9CD006FE8F0 /* MyQuizTests.swift */; };
		4F4498AA2D8DC9CD006FE8F0 /* MyQuizUITests.swift in Sources */ = {isa = PBXBuildFile; fileRef = 4F4498A92D8DC9CD006FE8F0 /* MyQuizUITests.swift */; };
		4F4498AC2D8DC9CD006FE8F0 /* MyQuizUITestsLaunchTests.swift in Sources */ = {isa = PBXBuildFile; fileRef = 4F4498AB2D8DC9CD006FE8F0 /* MyQuizUITestsLaunchTests.swift */; };
		4F4498B92D8E145F006FE8F0 /* QuestionsTableViewController.swift in Sources */ = {isa = PBXBuildFile; fileRef = 4F4498B82D8E145F006FE8F0 /* QuestionsTableViewController.swift */; };
		4F4498BB2D8E1499006FE8F0 /* Question.swift in Sources */ = {isa = PBXBuildFile; fileRef = 4F4498BA2D8E1499006FE8F0 /* Question.swift */; };
		4F4498BD2D8E26AA006FE8F0 /* QuestionsTableViewCell.swift in Sources */ = {isa = PBXBuildFile; fileRef = 4F4498BC2D8E26AA006FE8F0 /* QuestionsTableViewCell.swift */; };
		4F4498C12D8E3091006FE8F0 /* AddQuestionsViewController.swift in Sources */ = {isa = PBXBuildFile; fileRef = 4F4498C02D8E3091006FE8F0 /* AddQuestionsViewController.swift */; };
		4FDDD6D02D972AFE0014F479 /* ResultsViewController.swift in Sources */ = {isa = PBXBuildFile; fileRef = 4FDDD6CF2D972AFE0014F479 /* ResultsViewController.swift */; };
/* End PBXBuildFile section */

/* Begin PBXContainerItemProxy section */
		4F44989C2D8DC9CD006FE8F0 /* PBXContainerItemProxy */ = {
			isa = PBXContainerItemProxy;
			containerPortal = 4F44987D2D8DC9CA006FE8F0 /* Project object */;
			proxyType = 1;
			remoteGlobalIDString = 4F4498842D8DC9CA006FE8F0;
			remoteInfo = MyQuiz;
		};
		4F4498A62D8DC9CD006FE8F0 /* PBXContainerItemProxy */ = {
			isa = PBXContainerItemProxy;
			containerPortal = 4F44987D2D8DC9CA006FE8F0 /* Project object */;
			proxyType = 1;
			remoteGlobalIDString = 4F4498842D8DC9CA006FE8F0;
			remoteInfo = MyQuiz;
		};
/* End PBXContainerItemProxy section */

/* Begin PBXFileReference section */
		4F169E252D9700CA00974489 /* QuizViewController.swift */ = {isa = PBXFileReference; lastKnownFileType = sourcecode.swift; path = QuizViewController.swift; sourceTree = "<group>"; };
		4F4498852D8DC9CA006FE8F0 /* MyQuiz.app */ = {isa = PBXFileReference; explicitFileType = wrapper.application; includeInIndex = 0; path = MyQuiz.app; sourceTree = BUILT_PRODUCTS_DIR; };
		4F4498882D8DC9CA006FE8F0 /* AppDelegate.swift */ = {isa = PBXFileReference; lastKnownFileType = sourcecode.swift; path = AppDelegate.swift; sourceTree = "<group>"; };
		4F44988A2D8DC9CA006FE8F0 /* SceneDelegate.swift */ = {isa = PBXFileReference; lastKnownFileType = sourcecode.swift; path = SceneDelegate.swift; sourceTree = "<group>"; };
		4F44988C2D8DC9CA006FE8F0 /* ViewController.swift */ = {isa = PBXFileReference; lastKnownFileType = sourcecode.swift; path = ViewController.swift; sourceTree = "<group>"; };
		4F44988F2D8DC9CA006FE8F0 /* Base */ = {isa = PBXFileReference; lastKnownFileType = file.storyboard; name = Base; path = Base.lproj/Main.storyboard; sourceTree = "<group>"; };
		4F4498912D8DC9CC006FE8F0 /* Assets.xcassets */ = {isa = PBXFileReference; lastKnownFileType = folder.assetcatalog; path = Assets.xcassets; sourceTree = "<group>"; };
		4F4498942D8DC9CC006FE8F0 /* Base */ = {isa = PBXFileReference; lastKnownFileType = file.storyboard; name = Base; path = Base.lproj/LaunchScreen.storyboard; sourceTree = "<group>"; };
		4F4498962D8DC9CC006FE8F0 /* Info.plist */ = {isa = PBXFileReference; lastKnownFileType = text.plist.xml; path = Info.plist; sourceTree = "<group>"; };
		4F44989B2D8DC9CD006FE8F0 /* MyQuizTests.xctest */ = {isa = PBXFileReference; explicitFileType = wrapper.cfbundle; includeInIndex = 0; path = MyQuizTests.xctest; sourceTree = BUILT_PRODUCTS_DIR; };
		4F44989F2D8DC9CD006FE8F0 /* MyQuizTests.swift */ = {isa = PBXFileReference; lastKnownFileType = sourcecode.swift; path = MyQuizTests.swift; sourceTree = "<group>"; };
		4F4498A52D8DC9CD006FE8F0 /* MyQuizUITests.xctest */ = {isa = PBXFileReference; explicitFileType = wrapper.cfbundle; includeInIndex = 0; path = MyQuizUITests.xctest; sourceTree = BUILT_PRODUCTS_DIR; };
		4F4498A92D8DC9CD006FE8F0 /* MyQuizUITests.swift */ = {isa = PBXFileReference; lastKnownFileType = sourcecode.swift; path = MyQuizUITests.swift; sourceTree = "<group>"; };
		4F4498AB2D8DC9CD006FE8F0 /* MyQuizUITestsLaunchTests.swift */ = {isa = PBXFileReference; lastKnownFileType = sourcecode.swift; path = MyQuizUITestsLaunchTests.swift; sourceTree = "<group>"; };
		4F4498B82D8E145F006FE8F0 /* QuestionsTableViewController.swift */ = {isa = PBXFileReference; lastKnownFileType = sourcecode.swift; path = QuestionsTableViewController.swift; sourceTree = "<group>"; };
		4F4498BA2D8E1499006FE8F0 /* Question.swift */ = {isa = PBXFileReference; lastKnownFileType = sourcecode.swift; path = Question.swift; sourceTree = "<group>"; };
		4F4498BC2D8E26AA006FE8F0 /* QuestionsTableViewCell.swift */ = {isa = PBXFileReference; lastKnownFileType = sourcecode.swift; path = QuestionsTableViewCell.swift; sourceTree = "<group>"; };
		4F4498C02D8E3091006FE8F0 /* AddQuestionsViewController.swift */ = {isa = PBXFileReference; lastKnownFileType = sourcecode.swift; path = AddQuestionsViewController.swift; sourceTree = "<group>"; };
		4FDDD6CF2D972AFE0014F479 /* ResultsViewController.swift */ = {isa = PBXFileReference; lastKnownFileType = sourcecode.swift; path = ResultsViewController.swift; sourceTree = "<group>"; };
/* End PBXFileReference section */

/* Begin PBXFrameworksBuildPhase section */
		4F4498822D8DC9CA006FE8F0 /* Frameworks */ = {
			isa = PBXFrameworksBuildPhase;
			buildActionMask = 2147483647;
			files = (
			);
			runOnlyForDeploymentPostprocessing = 0;
		};
		4F4498982D8DC9CD006FE8F0 /* Frameworks */ = {
			isa = PBXFrameworksBuildPhase;
			buildActionMask = 2147483647;
			files = (
			);
			runOnlyForDeploymentPostprocessing = 0;
		};
		4F4498A22D8DC9CD006FE8F0 /* Frameworks */ = {
			isa = PBXFrameworksBuildPhase;
			buildActionMask = 2147483647;
			files = (
			);
			runOnlyForDeploymentPostprocessing = 0;
		};
/* End PBXFrameworksBuildPhase section */

/* Begin PBXGroup section */
		4F44987C2D8DC9CA006FE8F0 = {
			isa = PBXGroup;
			children = (
				4F4498872D8DC9CA006FE8F0 /* MyQuiz */,
				4F44989E2D8DC9CD006FE8F0 /* MyQuizTests */,
				4F4498A82D8DC9CD006FE8F0 /* MyQuizUITests */,
				4F4498862D8DC9CA006FE8F0 /* Products */,
			);
			sourceTree = "<group>";
		};
		4F4498862D8DC9CA006FE8F0 /* Products */ = {
			isa = PBXGroup;
			children = (
				4F4498852D8DC9CA006FE8F0 /* MyQuiz.app */,
				4F44989B2D8DC9CD006FE8F0 /* MyQuizTests.xctest */,
				4F4498A52D8DC9CD006FE8F0 /* MyQuizUITests.xctest */,
			);
			name = Products;
			sourceTree = "<group>";
		};
		4F4498872D8DC9CA006FE8F0 /* MyQuiz */ = {
			isa = PBXGroup;
			children = (
				4F4498882D8DC9CA006FE8F0 /* AppDelegate.swift */,
				4F44988A2D8DC9CA006FE8F0 /* SceneDelegate.swift */,
				4F44988C2D8DC9CA006FE8F0 /* ViewController.swift */,
				4F44988E2D8DC9CA006FE8F0 /* Main.storyboard */,
				4FDDD6CF2D972AFE0014F479 /* ResultsViewController.swift */,
				4F169E252D9700CA00974489 /* QuizViewController.swift */,
				4F4498C02D8E3091006FE8F0 /* AddQuestionsViewController.swift */,
				4F4498B82D8E145F006FE8F0 /* QuestionsTableViewController.swift */,
				4F4498BC2D8E26AA006FE8F0 /* QuestionsTableViewCell.swift */,
				4F4498BA2D8E1499006FE8F0 /* Question.swift */,
				4F4498912D8DC9CC006FE8F0 /* Assets.xcassets */,
				4F4498932D8DC9CC006FE8F0 /* LaunchScreen.storyboard */,
				4F4498962D8DC9CC006FE8F0 /* Info.plist */,
			);
			path = MyQuiz;
			sourceTree = "<group>";
		};
		4F44989E2D8DC9CD006FE8F0 /* MyQuizTests */ = {
			isa = PBXGroup;
			children = (
				4F44989F2D8DC9CD006FE8F0 /* MyQuizTests.swift */,
			);
			path = MyQuizTests;
			sourceTree = "<group>";
		};
		4F4498A82D8DC9CD006FE8F0 /* MyQuizUITests */ = {
			isa = PBXGroup;
			children = (
				4F4498A92D8DC9CD006FE8F0 /* MyQuizUITests.swift */,
				4F4498AB2D8DC9CD006FE8F0 /* MyQuizUITestsLaunchTests.swift */,
			);
			path = MyQuizUITests;
			sourceTree = "<group>";
		};
/* End PBXGroup section */

/* Begin PBXNativeTarget section */
		4F4498842D8DC9CA006FE8F0 /* MyQuiz */ = {
			isa = PBXNativeTarget;
			buildConfigurationList = 4F4498AF2D8DC9CD006FE8F0 /* Build configuration list for PBXNativeTarget "MyQuiz" */;
			buildPhases = (
				4F4498812D8DC9CA006FE8F0 /* Sources */,
				4F4498822D8DC9CA006FE8F0 /* Frameworks */,
				4F4498832D8DC9CA006FE8F0 /* Resources */,
			);
			buildRules = (
			);
			dependencies = (
			);
			name = MyQuiz;
			productName = MyQuiz;
			productReference = 4F4498852D8DC9CA006FE8F0 /* MyQuiz.app */;
			productType = "com.apple.product-type.application";
		};
		4F44989A2D8DC9CD006FE8F0 /* MyQuizTests */ = {
			isa = PBXNativeTarget;
			buildConfigurationList = 4F4498B22D8DC9CD006FE8F0 /* Build configuration list for PBXNativeTarget "MyQuizTests" */;
			buildPhases = (
				4F4498972D8DC9CD006FE8F0 /* Sources */,
				4F4498982D8DC9CD006FE8F0 /* Frameworks */,
				4F4498992D8DC9CD006FE8F0 /* Resources */,
			);
			buildRules = (
			);
			dependencies = (
				4F44989D2D8DC9CD006FE8F0 /* PBXTargetDependency */,
			);
			name = MyQuizTests;
			productName = MyQuizTests;
			productReference = 4F44989B2D8DC9CD006FE8F0 /* MyQuizTests.xctest */;
			productType = "com.apple.product-type.bundle.unit-test";
		};
		4F4498A42D8DC9CD006FE8F0 /* MyQuizUITests */ = {
			isa = PBXNativeTarget;
			buildConfigurationList = 4F4498B52D8DC9CD006FE8F0 /* Build configuration list for PBXNativeTarget "MyQuizUITests" */;
			buildPhases = (
				4F4498A12D8DC9CD006FE8F0 /* Sources */,
				4F4498A22D8DC9CD006FE8F0 /* Frameworks */,
				4F4498A32D8DC9CD006FE8F0 /* Resources */,
			);
			buildRules = (
			);
			dependencies = (
				4F4498A72D8DC9CD006FE8F0 /* PBXTargetDependency */,
			);
			name = MyQuizUITests;
			productName = MyQuizUITests;
			productReference = 4F4498A52D8DC9CD006FE8F0 /* MyQuizUITests.xctest */;
			productType = "com.apple.product-type.bundle.ui-testing";
		};
/* End PBXNativeTarget section */

/* Begin PBXProject section */
		4F44987D2D8DC9CA006FE8F0 /* Project object */ = {
			isa = PBXProject;
			attributes = {
				BuildIndependentTargetsInParallel = 1;
				LastSwiftUpdateCheck = 1540;
				LastUpgradeCheck = 1540;
				TargetAttributes = {
					4F4498842D8DC9CA006FE8F0 = {
						CreatedOnToolsVersion = 15.4;
					};
					4F44989A2D8DC9CD006FE8F0 = {
						CreatedOnToolsVersion = 15.4;
						TestTargetID = 4F4498842D8DC9CA006FE8F0;
					};
					4F4498A42D8DC9CD006FE8F0 = {
						CreatedOnToolsVersion = 15.4;
						TestTargetID = 4F4498842D8DC9CA006FE8F0;
					};
				};
			};
			buildConfigurationList = 4F4498802D8DC9CA006FE8F0 /* Build configuration list for PBXProject "MyQuiz" */;
			compatibilityVersion = "Xcode 14.0";
			developmentRegion = en;
			hasScannedForEncodings = 0;
			knownRegions = (
				en,
				Base,
			);
			mainGroup = 4F44987C2D8DC9CA006FE8F0;
			productRefGroup = 4F4498862D8DC9CA006FE8F0 /* Products */;
			projectDirPath = "";
			projectRoot = "";
			targets = (
				4F4498842D8DC9CA006FE8F0 /* MyQuiz */,
				4F44989A2D8DC9CD006FE8F0 /* MyQuizTests */,
				4F4498A42D8DC9CD006FE8F0 /* MyQuizUITests */,
			);
		};
/* End PBXProject section */

/* Begin PBXResourcesBuildPhase section */
		4F4498832D8DC9CA006FE8F0 /* Resources */ = {
			isa = PBXResourcesBuildPhase;
			buildActionMask = 2147483647;
			files = (
				4F4498922D8DC9CC006FE8F0 /* Assets.xcassets in Resources */,
				4F4498952D8DC9CC006FE8F0 /* Base in Resources */,
				4F4498902D8DC9CA006FE8F0 /* Base in Resources */,
			);
			runOnlyForDeploymentPostprocessing = 0;
		};
		4F4498992D8DC9CD006FE8F0 /* Resources */ = {
			isa = PBXResourcesBuildPhase;
			buildActionMask = 2147483647;
			files = (
			);
			runOnlyForDeploymentPostprocessing = 0;
		};
		4F4498A32D8DC9CD006FE8F0 /* Resources */ = {
			isa = PBXResourcesBuildPhase;
			buildActionMask = 2147483647;
			files = (
			);
			runOnlyForDeploymentPostprocessing = 0;
		};
/* End PBXResourcesBuildPhase section */

/* Begin PBXSourcesBuildPhase section */
		4F4498812D8DC9CA006FE8F0 /* Sources */ = {
			isa = PBXSourcesBuildPhase;
			buildActionMask = 2147483647;
			files = (
				4F4498BB2D8E1499006FE8F0 /* Question.swift in Sources */,
				4F4498C12D8E3091006FE8F0 /* AddQuestionsViewController.swift in Sources */,
				4F44988D2D8DC9CA006FE8F0 /* ViewController.swift in Sources */,
				4F169E262D9700CA00974489 /* QuizViewController.swift in Sources */,
				4F4498892D8DC9CA006FE8F0 /* AppDelegate.swift in Sources */,
				4FDDD6D02D972AFE0014F479 /* ResultsViewController.swift in Sources */,
				4F44988B2D8DC9CA006FE8F0 /* SceneDelegate.swift in Sources */,
				4F4498B92D8E145F006FE8F0 /* QuestionsTableViewController.swift in Sources */,
				4F4498BD2D8E26AA006FE8F0 /* QuestionsTableViewCell.swift in Sources */,
			);
			runOnlyForDeploymentPostprocessing = 0;
		};
		4F4498972D8DC9CD006FE8F0 /* Sources */ = {
			isa = PBXSourcesBuildPhase;
			buildActionMask = 2147483647;
			files = (
				4F4498A02D8DC9CD006FE8F0 /* MyQuizTests.swift in Sources */,
			);
			runOnlyForDeploymentPostprocessing = 0;
		};
		4F4498A12D8DC9CD006FE8F0 /* Sources */ = {
			isa = PBXSourcesBuildPhase;
			buildActionMask = 2147483647;
			files = (
				4F4498AA2D8DC9CD006FE8F0 /* MyQuizUITests.swift in Sources */,
				4F4498AC2D8DC9CD006FE8F0 /* MyQuizUITestsLaunchTests.swift in Sources */,
			);
			runOnlyForDeploymentPostprocessing = 0;
		};
/* End PBXSourcesBuildPhase section */

/* Begin PBXTargetDependency section */
		4F44989D2D8DC9CD006FE8F0 /* PBXTargetDependency */ = {
			isa = PBXTargetDependency;
			target = 4F4498842D8DC9CA006FE8F0 /* MyQuiz */;
			targetProxy = 4F44989C2D8DC9CD006FE8F0 /* PBXContainerItemProxy */;
		};
		4F4498A72D8DC9CD006FE8F0 /* PBXTargetDependency */ = {
			isa = PBXTargetDependency;
			target = 4F4498842D8DC9CA006FE8F0 /* MyQuiz */;
			targetProxy = 4F4498A62D8DC9CD006FE8F0 /* PBXContainerItemProxy */;
		};
/* End PBXTargetDependency section */

/* Begin PBXVariantGroup section */
		4F44988E2D8DC9CA006FE8F0 /* Main.storyboard */ = {
			isa = PBXVariantGroup;
			children = (
				4F44988F2D8DC9CA006FE8F0 /* Base */,
			);
			name = Main.storyboard;
			sourceTree = "<group>";
		};
		4F4498932D8DC9CC006FE8F0 /* LaunchScreen.storyboard */ = {
			isa = PBXVariantGroup;
			children = (
				4F4498942D8DC9CC006FE8F0 /* Base */,
			);
			name = LaunchScreen.storyboard;
			sourceTree = "<group>";
		};
/* End PBXVariantGroup section */

/* Begin XCBuildConfiguration section */
		4F4498AD2D8DC9CD006FE8F0 /* Debug */ = {
			isa = XCBuildConfiguration;
			buildSettings = {
				ALWAYS_SEARCH_USER_PATHS = NO;
				ASSETCATALOG_COMPILER_GENERATE_SWIFT_ASSET_SYMBOL_EXTENSIONS = YES;
				CLANG_ANALYZER_NONNULL = YES;
				CLANG_ANALYZER_NUMBER_OBJECT_CONVERSION = YES_AGGRESSIVE;
				CLANG_CXX_LANGUAGE_STANDARD = "gnu++20";
				CLANG_ENABLE_MODULES = YES;
				CLANG_ENABLE_OBJC_ARC = YES;
				CLANG_ENABLE_OBJC_WEAK = YES;
				CLANG_WARN_BLOCK_CAPTURE_AUTORELEASING = YES;
				CLANG_WARN_BOOL_CONVERSION = YES;
				CLANG_WARN_COMMA = YES;
				CLANG_WARN_CONSTANT_CONVERSION = YES;
				CLANG_WARN_DEPRECATED_OBJC_IMPLEMENTATIONS = YES;
				CLANG_WARN_DIRECT_OBJC_ISA_USAGE = YES_ERROR;
				CLANG_WARN_DOCUMENTATION_COMMENTS = YES;
				CLANG_WARN_EMPTY_BODY = YES;
				CLANG_WARN_ENUM_CONVERSION = YES;
				CLANG_WARN_INFINITE_RECURSION = YES;
				CLANG_WARN_INT_CONVERSION = YES;
				CLANG_WARN_NON_LITERAL_NULL_CONVERSION = YES;
				CLANG_WARN_OBJC_IMPLICIT_RETAIN_SELF = YES;
				CLANG_WARN_OBJC_LITERAL_CONVERSION = YES;
				CLANG_WARN_OBJC_ROOT_CLASS = YES_ERROR;
				CLANG_WARN_QUOTED_INCLUDE_IN_FRAMEWORK_HEADER = YES;
				CLANG_WARN_RANGE_LOOP_ANALYSIS = YES;
				CLANG_WARN_STRICT_PROTOTYPES = YES;
				CLANG_WARN_SUSPICIOUS_MOVE = YES;
				CLANG_WARN_UNGUARDED_AVAILABILITY = YES_AGGRESSIVE;
				CLANG_WARN_UNREACHABLE_CODE = YES;
				CLANG_WARN__DUPLICATE_METHOD_MATCH = YES;
				COPY_PHASE_STRIP = NO;
				DEBUG_INFORMATION_FORMAT = dwarf;
				ENABLE_STRICT_OBJC_MSGSEND = YES;
				ENABLE_TESTABILITY = YES;
				ENABLE_USER_SCRIPT_SANDBOXING = YES;
				GCC_C_LANGUAGE_STANDARD = gnu17;
				GCC_DYNAMIC_NO_PIC = NO;
				GCC_NO_COMMON_BLOCKS = YES;
				GCC_OPTIMIZATION_LEVEL = 0;
				GCC_PREPROCESSOR_DEFINITIONS = (
					"DEBUG=1",
					"$(inherited)",
				);
				GCC_WARN_64_TO_32_BIT_CONVERSION = YES;
				GCC_WARN_ABOUT_RETURN_TYPE = YES_ERROR;
				GCC_WARN_UNDECLARED_SELECTOR = YES;
				GCC_WARN_UNINITIALIZED_AUTOS = YES_AGGRESSIVE;
				GCC_WARN_UNUSED_FUNCTION = YES;
				GCC_WARN_UNUSED_VARIABLE = YES;
				IPHONEOS_DEPLOYMENT_TARGET = 17.5;
				LOCALIZATION_PREFERS_STRING_CATALOGS = YES;
				MTL_ENABLE_DEBUG_INFO = INCLUDE_SOURCE;
				MTL_FAST_MATH = YES;
				ONLY_ACTIVE_ARCH = YES;
				SDKROOT = iphoneos;
				SWIFT_ACTIVE_COMPILATION_CONDITIONS = "DEBUG $(inherited)";
				SWIFT_OPTIMIZATION_LEVEL = "-Onone";
			};
			name = Debug;
		};
		4F4498AE2D8DC9CD006FE8F0 /* Release */ = {
			isa = XCBuildConfiguration;
			buildSettings = {
				ALWAYS_SEARCH_USER_PATHS = NO;
				ASSETCATALOG_COMPILER_GENERATE_SWIFT_ASSET_SYMBOL_EXTENSIONS = YES;
				CLANG_ANALYZER_NONNULL = YES;
				CLANG_ANALYZER_NUMBER_OBJECT_CONVERSION = YES_AGGRESSIVE;
				CLANG_CXX_LANGUAGE_STANDARD = "gnu++20";
				CLANG_ENABLE_MODULES = YES;
				CLANG_ENABLE_OBJC_ARC = YES;
				CLANG_ENABLE_OBJC_WEAK = YES;
				CLANG_WARN_BLOCK_CAPTURE_AUTORELEASING = YES;
				CLANG_WARN_BOOL_CONVERSION = YES;
				CLANG_WARN_COMMA = YES;
				CLANG_WARN_CONSTANT_CONVERSION = YES;
				CLANG_WARN_DEPRECATED_OBJC_IMPLEMENTATIONS = YES;
				CLANG_WARN_DIRECT_OBJC_ISA_USAGE = YES_ERROR;
				CLANG_WARN_DOCUMENTATION_COMMENTS = YES;
				CLANG_WARN_EMPTY_BODY = YES;
				CLANG_WARN_ENUM_CONVERSION = YES;
				CLANG_WARN_INFINITE_RECURSION = YES;
				CLANG_WARN_INT_CONVERSION = YES;
				CLANG_WARN_NON_LITERAL_NULL_CONVERSION = YES;
				CLANG_WARN_OBJC_IMPLICIT_RETAIN_SELF = YES;
				CLANG_WARN_OBJC_LITERAL_CONVERSION = YES;
				CLANG_WARN_OBJC_ROOT_CLASS = YES_ERROR;
				CLANG_WARN_QUOTED_INCLUDE_IN_FRAMEWORK_HEADER = YES;
				CLANG_WARN_RANGE_LOOP_ANALYSIS = YES;
				CLANG_WARN_STRICT_PROTOTYPES = YES;
				CLANG_WARN_SUSPICIOUS_MOVE = YES;
				CLANG_WARN_UNGUARDED_AVAILABILITY = YES_AGGRESSIVE;
				CLANG_WARN_UNREACHABLE_CODE = YES;
				CLANG_WARN__DUPLICATE_METHOD_MATCH = YES;
				COPY_PHASE_STRIP = NO;
				DEBUG_INFORMATION_FORMAT = "dwarf-with-dsym";
				ENABLE_NS_ASSERTIONS = NO;
				ENABLE_STRICT_OBJC_MSGSEND = YES;
				ENABLE_USER_SCRIPT_SANDBOXING = YES;
				GCC_C_LANGUAGE_STANDARD = gnu17;
				GCC_NO_COMMON_BLOCKS = YES;
				GCC_WARN_64_TO_32_BIT_CONVERSION = YES;
				GCC_WARN_ABOUT_RETURN_TYPE = YES_ERROR;
				GCC_WARN_UNDECLARED_SELECTOR = YES;
				GCC_WARN_UNINITIALIZED_AUTOS = YES_AGGRESSIVE;
				GCC_WARN_UNUSED_FUNCTION = YES;
				GCC_WARN_UNUSED_VARIABLE = YES;
				IPHONEOS_DEPLOYMENT_TARGET = 17.5;
				LOCALIZATION_PREFERS_STRING_CATALOGS = YES;
				MTL_ENABLE_DEBUG_INFO = NO;
				MTL_FAST_MATH = YES;
				SDKROOT = iphoneos;
				SWIFT_COMPILATION_MODE = wholemodule;
				VALIDATE_PRODUCT = YES;
			};
			name = Release;
		};
		4F4498B02D8DC9CD006FE8F0 /* Debug */ = {
			isa = XCBuildConfiguration;
			buildSettings = {
				ASSETCATALOG_COMPILER_APPICON_NAME = AppIcon;
				ASSETCATALOG_COMPILER_GLOBAL_ACCENT_COLOR_NAME = AccentColor;
				CODE_SIGN_STYLE = Automatic;
				CURRENT_PROJECT_VERSION = 1;
				GENERATE_INFOPLIST_FILE = YES;
				INFOPLIST_FILE = MyQuiz/Info.plist;
				INFOPLIST_KEY_UIApplicationSupportsIndirectInputEvents = YES;
				INFOPLIST_KEY_UILaunchStoryboardName = LaunchScreen;
				INFOPLIST_KEY_UIMainStoryboardFile = Main;
				INFOPLIST_KEY_UISupportedInterfaceOrientations_iPad = "UIInterfaceOrientationPortrait UIInterfaceOrientationPortraitUpsideDown UIInterfaceOrientationLandscapeLeft UIInterfaceOrientationLandscapeRight";
				INFOPLIST_KEY_UISupportedInterfaceOrientations_iPhone = "UIInterfaceOrientationPortrait UIInterfaceOrientationLandscapeLeft UIInterfaceOrientationLandscapeRight";
				LD_RUNPATH_SEARCH_PATHS = (
					"$(inherited)",
					"@executable_path/Frameworks",
				);
				MARKETING_VERSION = 1.0;
				PRODUCT_BUNDLE_IDENTIFIER = ca.humber.MyQuiz;
				PRODUCT_NAME = "$(TARGET_NAME)";
				SWIFT_EMIT_LOC_STRINGS = YES;
				SWIFT_VERSION = 5.0;
				TARGETED_DEVICE_FAMILY = "1,2";
			};
			name = Debug;
		};
		4F4498B12D8DC9CD006FE8F0 /* Release */ = {
			isa = XCBuildConfiguration;
			buildSettings = {
				ASSETCATALOG_COMPILER_APPICON_NAME = AppIcon;
				ASSETCATALOG_COMPILER_GLOBAL_ACCENT_COLOR_NAME = AccentColor;
				CODE_SIGN_STYLE = Automatic;
				CURRENT_PROJECT_VERSION = 1;
				GENERATE_INFOPLIST_FILE = YES;
				INFOPLIST_FILE = MyQuiz/Info.plist;
				INFOPLIST_KEY_UIApplicationSupportsIndirectInputEvents = YES;
				INFOPLIST_KEY_UILaunchStoryboardName = LaunchScreen;
				INFOPLIST_KEY_UIMainStoryboardFile = Main;
				INFOPLIST_KEY_UISupportedInterfaceOrientations_iPad = "UIInterfaceOrientationPortrait UIInterfaceOrientationPortraitUpsideDown UIInterfaceOrientationLandscapeLeft UIInterfaceOrientationLandscapeRight";
				INFOPLIST_KEY_UISupportedInterfaceOrientations_iPhone = "UIInterfaceOrientationPortrait UIInterfaceOrientationLandscapeLeft UIInterfaceOrientationLandscapeRight";
				LD_RUNPATH_SEARCH_PATHS = (
					"$(inherited)",
					"@executable_path/Frameworks",
				);
				MARKETING_VERSION = 1.0;
				PRODUCT_BUNDLE_IDENTIFIER = ca.humber.MyQuiz;
				PRODUCT_NAME = "$(TARGET_NAME)";
				SWIFT_EMIT_LOC_STRINGS = YES;
				SWIFT_VERSION = 5.0;
				TARGETED_DEVICE_FAMILY = "1,2";
			};
			name = Release;
		};
		4F4498B32D8DC9CD006FE8F0 /* Debug */ = {
			isa = XCBuildConfiguration;
			buildSettings = {
				ALWAYS_EMBED_SWIFT_STANDARD_LIBRARIES = YES;
				BUNDLE_LOADER = "$(TEST_HOST)";
				CODE_SIGN_STYLE = Automatic;
				CURRENT_PROJECT_VERSION = 1;
				GENERATE_INFOPLIST_FILE = YES;
				IPHONEOS_DEPLOYMENT_TARGET = 17.5;
				MARKETING_VERSION = 1.0;
				PRODUCT_BUNDLE_IDENTIFIER = ca.humber.MyQuizTests;
				PRODUCT_NAME = "$(TARGET_NAME)";
				SWIFT_EMIT_LOC_STRINGS = NO;
				SWIFT_VERSION = 5.0;
				TARGETED_DEVICE_FAMILY = "1,2";
				TEST_HOST = "$(BUILT_PRODUCTS_DIR)/MyQuiz.app/$(BUNDLE_EXECUTABLE_FOLDER_PATH)/MyQuiz";
			};
			name = Debug;
		};
		4F4498B42D8DC9CD006FE8F0 /* Release */ = {
			isa = XCBuildConfiguration;
			buildSettings = {
				ALWAYS_EMBED_SWIFT_STANDARD_LIBRARIES = YES;
				BUNDLE_LOADER = "$(TEST_HOST)";
				CODE_SIGN_STYLE = Automatic;
				CURRENT_PROJECT_VERSION = 1;
				GENERATE_INFOPLIST_FILE = YES;
				IPHONEOS_DEPLOYMENT_TARGET = 17.5;
				MARKETING_VERSION = 1.0;
				PRODUCT_BUNDLE_IDENTIFIER = ca.humber.MyQuizTests;
				PRODUCT_NAME = "$(TARGET_NAME)";
				SWIFT_EMIT_LOC_STRINGS = NO;
				SWIFT_VERSION = 5.0;
				TARGETED_DEVICE_FAMILY = "1,2";
				TEST_HOST = "$(BUILT_PRODUCTS_DIR)/MyQuiz.app/$(BUNDLE_EXECUTABLE_FOLDER_PATH)/MyQuiz";
			};
			name = Release;
		};
		4F4498B62D8DC9CD006FE8F0 /* Debug */ = {
			isa = XCBuildConfiguration;
			buildSettings = {
				ALWAYS_EMBED_SWIFT_STANDARD_LIBRARIES = YES;
				CODE_SIGN_STYLE = Automatic;
				CURRENT_PROJECT_VERSION = 1;
				GENERATE_INFOPLIST_FILE = YES;
				MARKETING_VERSION = 1.0;
				PRODUCT_BUNDLE_IDENTIFIER = ca.humber.MyQuizUITests;
				PRODUCT_NAME = "$(TARGET_NAME)";
				SWIFT_EMIT_LOC_STRINGS = NO;
				SWIFT_VERSION = 5.0;
				TARGETED_DEVICE_FAMILY = "1,2";
				TEST_TARGET_NAME = MyQuiz;
			};
			name = Debug;
		};
		4F4498B72D8DC9CD006FE8F0 /* Release */ = {
			isa = XCBuildConfiguration;
			buildSettings = {
				ALWAYS_EMBED_SWIFT_STANDARD_LIBRARIES = YES;
				CODE_SIGN_STYLE = Automatic;
				CURRENT_PROJECT_VERSION = 1;
				GENERATE_INFOPLIST_FILE = YES;
				MARKETING_VERSION = 1.0;
				PRODUCT_BUNDLE_IDENTIFIER = ca.humber.MyQuizUITests;
				PRODUCT_NAME = "$(TARGET_NAME)";
				SWIFT_EMIT_LOC_STRINGS = NO;
				SWIFT_VERSION = 5.0;
				TARGETED_DEVICE_FAMILY = "1,2";
				TEST_TARGET_NAME = MyQuiz;
			};
			name = Release;
		};
/* End XCBuildConfiguration section */

/* Begin XCConfigurationList section */
		4F4498802D8DC9CA006FE8F0 /* Build configuration list for PBXProject "MyQuiz" */ = {
			isa = XCConfigurationList;
			buildConfigurations = (
				4F4498AD2D8DC9CD006FE8F0 /* Debug */,
				4F4498AE2D8DC9CD006FE8F0 /* Release */,
			);
			defaultConfigurationIsVisible = 0;
			defaultConfigurationName = Release;
		};
		4F4498AF2D8DC9CD006FE8F0 /* Build configuration list for PBXNativeTarget "MyQuiz" */ = {
			isa = XCConfigurationList;
			buildConfigurations = (
				4F4498B02D8DC9CD006FE8F0 /* Debug */,
				4F4498B12D8DC9CD006FE8F0 /* Release */,
			);
			defaultConfigurationIsVisible = 0;
			defaultConfigurationName = Release;
		};
		4F4498B22D8DC9CD006FE8F0 /* Build configuration list for PBXNativeTarget "MyQuizTests" */ = {
			isa = XCConfigurationList;
			buildConfigurations = (
				4F4498B32D8DC9CD006FE8F0 /* Debug */,
				4F4498B42D8DC9CD006FE8F0 /* Release */,
			);
			defaultConfigurationIsVisible = 0;
			defaultConfigurationName = Release;
		};
		4F4498B52D8DC9CD006FE8F0 /* Build configuration list for PBXNativeTarget "MyQuizUITests" */ = {
			isa = XCConfigurationList;
			buildConfigurations = (
				4F4498B62D8DC9CD006FE8F0 /* Debug */,
				4F4498B72D8DC9CD006FE8F0 /* Release */,
			);
			defaultConfigurationIsVisible = 0;
			defaultConfigurationName = Release;
		};
/* End XCConfigurationList section */
	};
	rootObject = 4F44987D2D8DC9CA006FE8F0 /* Project object */;
}
